# This file is @generated by PDM.
# It is not intended for manual editing.

[metadata]
groups = ["default"]
strategy = ["cross_platform", "inherit_metadata"]
lock_version = "4.4.1"
content_hash = "sha256:a54981b330ce42235b8ad702382aa46417c966770575c87da1f697ee30a75447"

[[package]]
name = "boto3"
version = "1.34.117"
requires_python = ">=3.8"
summary = "The AWS SDK for Python"
groups = ["default"]
dependencies = [
    "botocore<1.35.0,>=1.34.117",
    "jmespath<2.0.0,>=0.7.1",
    "s3transfer<0.11.0,>=0.10.0",
]
files = [
    {file = "boto3-1.34.117-py3-none-any.whl", hash = "sha256:1506589e30566bbb2f4997b60968ff7d4ef8a998836c31eedd36437ac3b7408a"},
    {file = "boto3-1.34.117.tar.gz", hash = "sha256:c8a383b904d6faaf7eed0c06e31b423db128e4c09ce7bd2afc39d1cd07030a51"},
]

[[package]]
name = "botocore"
version = "1.34.117"
requires_python = ">=3.8"
summary = "Low-level, data-driven core of boto 3."
groups = ["default"]
dependencies = [
    "jmespath<2.0.0,>=0.7.1",
    "python-dateutil<3.0.0,>=2.1",
    "urllib3!=2.2.0,<3,>=1.25.4; python_version >= \"3.10\"",
]
files = [
    {file = "botocore-1.34.117-py3-none-any.whl", hash = "sha256:26a431997f882bcdd1e835f44c24b2a1752b1c4e5183c2ce62999ce95d518d6c"},
    {file = "botocore-1.34.117.tar.gz", hash = "sha256:4637ca42e6c51aebc4d9a2d92f97bf4bdb042e3f7985ff31a659a11e4c170e73"},
]

[[package]]
name = "jmespath"
version = "1.0.1"
requires_python = ">=3.7"
summary = "JSON Matching Expressions"
groups = ["default"]
files = [
    {file = "jmespath-1.0.1-py3-none-any.whl", hash = "sha256:02e2e4cc71b5bcab88332eebf907519190dd9e6e82107fa7f83b1003a6252980"},
    {file = "jmespath-1.0.1.tar.gz", hash = "sha256:90261b206d6defd58fdd5e85f478bf633a2901798906be2ad389150c5c60edbe"},
]

[[package]]
name = "python-dateutil"
version = "2.9.0.post0"
requires_python = "!=3.0.*,!=3.1.*,!=3.2.*,>=2.7"
summary = "Extensions to the standard Python datetime module"
groups = ["default"]
dependencies = [
    "six>=1.5",
]
files = [
    {file = "python-dateutil-2.9.0.post0.tar.gz", hash = "sha256:37dd54208da7e1cd875388217d5e00ebd4179249f90fb72437e91a35459a0ad3"},
    {file = "python_dateutil-2.9.0.post0-py2.py3-none-any.whl", hash = "sha256:a8b2bc7bffae282281c8140a97d3aa9c14da0b136dfe83f850eea9a5f7470427"},
]

[[package]]
name = "s3transfer"
version = "0.10.1"
requires_python = ">= 3.8"
summary = "An Amazon S3 Transfer Manager"
groups = ["default"]
dependencies = [
    "botocore<2.0a.0,>=1.33.2",
]
files = [
    {file = "s3transfer-0.10.1-py3-none-any.whl", hash = "sha256:ceb252b11bcf87080fb7850a224fb6e05c8a776bab8f2b64b7f25b969464839d"},
    {file = "s3transfer-0.10.1.tar.gz", hash = "sha256:5683916b4c724f799e600f41dd9e10a9ff19871bf87623cc8f491cb4f5fa0a19"},
]

[[package]]
name = "six"
version = "1.16.0"
requires_python = ">=2.7, !=3.0.*, !=3.1.*, !=3.2.*"
summary = "Python 2 and 3 compatibility utilities"
groups = ["default"]
files = [
    {file = "six-1.16.0-py2.py3-none-any.whl", hash = "sha256:8abb2f1d86890a2dfb989f9a77cfcfd3e47c2a354b01111771326f8aa26e0254"},
    {file = "six-1.16.0.tar.gz", hash = "sha256:1e61c37477a1626458e36f7b1d82aa5c9b094fa4802892072e49de9c60c4c926"},
]

[[package]]
name = "urllib3"
version = "2.2.1"
requires_python = ">=3.8"
summary = "HTTP library with thread-safe connection pooling, file post, and more."
groups = ["default"]
marker = "python_version >= \"3.10\""
files = [
    {file = "urllib3-2.2.1-py3-none-any.whl", hash = "sha256:450b20ec296a467077128bff42b73080516e71b56ff59a60a02bef2232c4fa9d"},
    {file = "urllib3-2.2.1.tar.gz", hash = "sha256:d0570876c61ab9e520d776c38acbbb5b05a776d3f9ff98a5c8fd5162a444cf19"},
]
